
Microsoft Visual Studio Solution File, Format Version 12.00
# Visual Studio 15
VisualStudioVersion = 15.0.28010.2046
MinimumVisualStudioVersion = 10.0.40219.1
Project("{FAE04EC0-301F-11D3-BF4B-00C04F79EFBC}") = "ReplyVision", "ReplyVision\ReplyVision.csproj", "{CE535273-EF1D-4DE4-8750-B5F434F4241E}"
EndProject
Global
	GlobalSection(SolutionConfigurationPlatforms) = preSolution
		Debug|Any CPU = Debug|Any CPU
		Release|Any CPU = Release|Any CPU
	EndGlobalSection
	GlobalSection(ProjectConfigurationPlatforms) = postSolution
		{CE535273-EF1D-4DE4-8750-B5F434F4241E}.Debug|Any CPU.ActiveCfg = Debug|Any CPU
		{CE535273-EF1D-4DE4-8750-B5F434F4241E}.Debug|Any CPU.Build.0 = Debug|Any CPU
		{CE535273-EF1D-4DE4-8750-B5F434F4241E}.Release|Any CPU.ActiveCfg = Release|Any CPU
		{CE535273-EF1D-4DE4-8750-B5F434F4241E}.Release|Any CPU.Build.0 = Release|Any CPU
	EndGlobalSection
	GlobalSection(SolutionProperties) = preSolution
		HideSolutionNode = FALSE
	EndGlobalSection
	GlobalSection(ExtensibilityGlobals) = postSolution
		SolutionGuid = {B0B3E6C7-3BFE-4757-877F-480DC9E1B87C}
	EndGlobalSection
EndGlobal
